
Microsoft Visual Studio Solution File, Format Version 12.00
# Visual Studio Version 16
VisualStudioVersion = 16.0.29519.181
MinimumVisualStudioVersion = 10.0.40219.1
Project("{FAE04EC0-301F-11D3-BF4B-00C04F79EFBC}") = "Source", "Source.csproj", "{16DCF53D-ED45-490B-A792-B61D4C9047DF}"
EndProject
Global
	GlobalSection(SolutionConfigurationPlatforms) = preSolution
		Debug|Any CPU = Debug|Any CPU
		Release|Any CPU = Release|Any CPU
	EndGlobalSection
	GlobalSection(ProjectConfigurationPlatforms) = postSolution
		{16DCF53D-ED45-490B-A792-B61D4C9047DF}.Debug|Any CPU.ActiveCfg = Debug|Any CPU
		{16DCF53D-ED45-490B-A792-B61D4C9047DF}.Debug|Any CPU.Build.0 = Debug|Any CPU
		{16DCF53D-ED45-490B-A792-B61D4C9047DF}.Release|Any CPU.ActiveCfg = Release|Any CPU
		{16DCF53D-ED45-490B-A792-B61D4C9047DF}.Release|Any CPU.Build.0 = Release|Any CPU
	EndGlobalSection
	GlobalSection(SolutionProperties) = preSolution
		HideSolutionNode = FALSE
	EndGlobalSection
	GlobalSection(ExtensibilityGlobals) = postSolution
		SolutionGuid = {625140D6-C0E0-4E9A-8738-3805D2AB5EC1}
	EndGlobalSection
EndGlobal
